DEPENDENCIES
  deploy
    path: deploy
  deploy_user
    path: deploy_user
  nginx
    path: nginx
  node
    path: node
  puma
    path: puma
  ruby
    path: ruby
  sidekiq
    path: sidekiq

GRAPH
  deploy (0.1.0)
  deploy_user (0.1.0)
  nginx (0.1.0)
  node (0.1.0)
  puma (0.1.0)
  ruby (0.1.0)
    ruby_rbenv (~> 2.0.9)
  ruby_rbenv (2.0.9)
  sidekiq (0.1.0)
