DEPENDENCIES
  alb_support
    path: alb_support
  deploy
    path: deploy
  deploy_user
    path: deploy_user
  nginx
    path: nginx
  node
    path: node
  papertrail
    path: papertrail
  puma
    path: puma
  ruby
    path: ruby
  sidekiq
    path: sidekiq
  whenever
    path: whenever

GRAPH
  alb_support (0.1.0)
  deploy (0.1.0)
    logrotate (~> 2.3.0)
  deploy_user (0.1.0)
  logrotate (2.3.0)
  nginx (0.1.0)
  node (0.1.0)
  papertrail (0.1.0)
  puma (0.1.0)
  ruby (0.1.0)
    ruby_rbenv (~> 2.0.9)
  ruby_rbenv (2.0.9)
  sidekiq (0.1.0)
  whenever (0.1.0)
